Microsoft Visual Studio Solution File, Format Version 12.00
# Visual Studio Version 17
VisualStudioVersion = 17.5.2.0
MinimumVisualStudioVersion = 10.0.40219.1
Project("{FAE04EC0-301F-11D3-BF4B-00C04F79EFBC}") = "StringManip", "StringManip\StringManip.csproj", "{B24ABE53-F125-6578-808F-1B5687A117F4}"
EndProject
Global
	GlobalSection(SolutionConfigurationPlatforms) = preSolution
		Debug|Any CPU = Debug|Any CPU
		Release|Any CPU = Release|Any CPU
	EndGlobalSection
	GlobalSection(ProjectConfigurationPlatforms) = postSolution
		{B24ABE53-F125-6578-808F-1B5687A117F4}.Debug|Any CPU.ActiveCfg = Debug|Any CPU
		{B24ABE53-F125-6578-808F-1B5687A117F4}.Debug|Any CPU.Build.0 = Debug|Any CPU
		{B24ABE53-F125-6578-808F-1B5687A117F4}.Release|Any CPU.ActiveCfg = Release|Any CPU
		{B24ABE53-F125-6578-808F-1B5687A117F4}.Release|Any CPU.Build.0 = Release|Any CPU
	EndGlobalSection
	GlobalSection(SolutionProperties) = preSolution
		HideSolutionNode = FALSE
	EndGlobalSection
	GlobalSection(ExtensibilityGlobals) = postSolution
		SolutionGuid = {B810B90C-40C4-4EAC-B1B4-F5419C771165}
	EndGlobalSection
EndGlobal
